// !$*UTF8*$!
{
	archiveVersion = 1;
	classes = {
	};
	objectVersion = 46;
	objects = {

/* Begin PBXBuildFile section */
		9F5D0BC839980536949811FF /* libPods.a in Frameworks */ = {isa = PBXBuildFile; fileRef = 3D6BAC75291D93DBC450FB9F /* libPods.a */; };
		A32FEDE41C51C8CA004F642A /* ListExampleViewController.swift in Sources */ = {isa = PBXBuildFile; fileRef = A32FEDE31C51C8CA004F642A /* ListExampleViewController.swift */; };
		A32FEDE81C51CA7B004F642A /* NSTimer.swift in Sources */ = {isa = PBXBuildFile; fileRef = A32FEDE71C51CA7B004F642A /* NSTimer.swift */; };
		A32FEDEA1C51CA84004F642A /* time.swift in Sources */ = {isa = PBXBuildFile; fileRef = A32FEDE91C51CA84004F642A /* time.swift */; };
		A34917161C4AC8E0008701E2 /* AppDelegate.swift in Sources */ = {isa = PBXBuildFile; fileRef = A34917151C4AC8E0008701E2 /* AppDelegate.swift */; };
		A34917181C4AC8E0008701E2 /* ViewController.swift in Sources */ = {isa = PBXBuildFile; fileRef = A34917171C4AC8E0008701E2 /* ViewController.swift */; };
		A349171B1C4AC8E0008701E2 /* Main.storyboard in Resources */ = {isa = PBXBuildFile; fileRef = A34917191C4AC8E0008701E2 /* Main.storyboard */; };
		A349171D1C4AC8E0008701E2 /* Assets.xcassets in Resources */ = {isa = PBXBuildFile; fileRef = A349171C1C4AC8E0008701E2 /* Assets.xcassets */; };
		A34917201C4AC8E0008701E2 /* LaunchScreen.storyboard in Resources */ = {isa = PBXBuildFile; fileRef = A349171E1C4AC8E0008701E2 /* LaunchScreen.storyboard */; };
		A349172A1C4C3EA7008701E2 /* MotionAnimator.swift in Sources */ = {isa = PBXBuildFile; fileRef = A34917291C4C3EA7008701E2 /* MotionAnimator.swift */; };
		A349172C1C4C4C20008701E2 /* MotionAnimatorTestViewController.swift in Sources */ = {isa = PBXBuildFile; fileRef = A349172B1C4C4C20008701E2 /* MotionAnimatorTestViewController.swift */; };
		A34917321C4C8EEA008701E2 /* MotionAnimation.swift in Sources */ = {isa = PBXBuildFile; fileRef = A34917311C4C8EEA008701E2 /* MotionAnimation.swift */; };
		A34917341C4C8F05008701E2 /* SpringValueAnimation.swift in Sources */ = {isa = PBXBuildFile; fileRef = A34917331C4C8F05008701E2 /* SpringValueAnimation.swift */; };
		A34917381C4CA832008701E2 /* NSObject+MotionAnimation.swift in Sources */ = {isa = PBXBuildFile; fileRef = A34917371C4CA832008701E2 /* NSObject+MotionAnimation.swift */; };
		A349173A1C4CC5D1008701E2 /* CGPoint+Util.swift in Sources */ = {isa = PBXBuildFile; fileRef = A34917391C4CC5D1008701E2 /* CGPoint+Util.swift */; };
		A349173F1C4DA835008701E2 /* ValueAnimation.swift in Sources */ = {isa = PBXBuildFile; fileRef = A349173E1C4DA835008701E2 /* ValueAnimation.swift */; };
		A34917431C53470F008701E2 /* MotionAnimationPropertyState.swift in Sources */ = {isa = PBXBuildFile; fileRef = A34917421C53470F008701E2 /* MotionAnimationPropertyState.swift */; };
		A34917451C5347B7008701E2 /* Types.swift in Sources */ = {isa = PBXBuildFile; fileRef = A34917441C5347B7008701E2 /* Types.swift */; };
		A3D92B121C573A5500C34FBD /* LZPanGestureRecognizer.swift in Sources */ = {isa = PBXBuildFile; fileRef = A3D92B111C573A5500C34FBD /* LZPanGestureRecognizer.swift */; };
/* End PBXBuildFile section */

/* Begin PBXFileReference section */
		3D6BAC75291D93DBC450FB9F /* libPods.a */ = {isa = PBXFileReference; explicitFileType = archive.ar; includeInIndex = 0; path = libPods.a; sourceTree = BUILT_PRODUCTS_DIR; };
		7BF7D7F9D0B84205946C6B77 /* Pods.release.xcconfig */ = {isa = PBXFileReference; includeInIndex = 1; lastKnownFileType = text.xcconfig; name = Pods.release.xcconfig; path = "Pods/Target Support Files/Pods/Pods.release.xcconfig"; sourceTree = "<group>"; };
		A32FEDE31C51C8CA004F642A /* ListExampleViewController.swift */ = {isa = PBXFileReference; fileEncoding = 4; lastKnownFileType = sourcecode.swift; path = ListExampleViewController.swift; sourceTree = "<group>"; };
		A32FEDE71C51CA7B004F642A /* NSTimer.swift */ = {isa = PBXFileReference; fileEncoding = 4; lastKnownFileType = sourcecode.swift; path = NSTimer.swift; sourceTree = "<group>"; };
		A32FEDE91C51CA84004F642A /* time.swift */ = {isa = PBXFileReference; fileEncoding = 4; lastKnownFileType = sourcecode.swift; path = time.swift; sourceTree = "<group>"; };
		A34917121C4AC8E0008701E2 /* DynamicView.app */ = {isa = PBXFileReference; explicitFileType = wrapper.application; includeInIndex = 0; path = DynamicView.app; sourceTree = BUILT_PRODUCTS_DIR; };
		A34917151C4AC8E0008701E2 /* AppDelegate.swift */ = {isa = PBXFileReference; lastKnownFileType = sourcecode.swift; path = AppDelegate.swift; sourceTree = "<group>"; };
		A34917171C4AC8E0008701E2 /* ViewController.swift */ = {isa = PBXFileReference; lastKnownFileType = sourcecode.swift; path = ViewController.swift; sourceTree = "<group>"; };
		A349171A1C4AC8E0008701E2 /* Base */ = {isa = PBXFileReference; lastKnownFileType = file.storyboard; name = Base; path = Base.lproj/Main.storyboard; sourceTree = "<group>"; };
		A349171C1C4AC8E0008701E2 /* Assets.xcassets */ = {isa = PBXFileReference; lastKnownFileType = folder.assetcatalog; path = Assets.xcassets; sourceTree = "<group>"; };
		A349171F1C4AC8E0008701E2 /* Base */ = {isa = PBXFileReference; lastKnownFileType = file.storyboard; name = Base; path = Base.lproj/LaunchScreen.storyboard; sourceTree = "<group>"; };
		A34917211C4AC8E0008701E2 /* Info.plist */ = {isa = PBXFileReference; lastKnownFileType = text.plist.xml; path = Info.plist; sourceTree = "<group>"; };
		A34917291C4C3EA7008701E2 /* MotionAnimator.swift */ = {isa = PBXFileReference; fileEncoding = 4; lastKnownFileType = sourcecode.swift; path = MotionAnimator.swift; sourceTree = "<group>"; };
		A349172B1C4C4C20008701E2 /* MotionAnimatorTestViewController.swift */ = {isa = PBXFileReference; fileEncoding = 4; lastKnownFileType = sourcecode.swift; path = MotionAnimatorTestViewController.swift; sourceTree = "<group>"; };
		A349172D1C4C5B89008701E2 /* DynamicView-Bridging-Header.h */ = {isa = PBXFileReference; lastKnownFileType = sourcecode.c.h; path = "DynamicView-Bridging-Header.h"; sourceTree = "<group>"; };
		A34917311C4C8EEA008701E2 /* MotionAnimation.swift */ = {isa = PBXFileReference; fileEncoding = 4; lastKnownFileType = sourcecode.swift; path = MotionAnimation.swift; sourceTree = "<group>"; };
		A34917331C4C8F05008701E2 /* SpringValueAnimation.swift */ = {isa = PBXFileReference; fileEncoding = 4; lastKnownFileType = sourcecode.swift; path = SpringValueAnimation.swift; sourceTree = "<group>"; };
		A34917371C4CA832008701E2 /* NSObject+MotionAnimation.swift */ = {isa = PBXFileReference; fileEncoding = 4; lastKnownFileType = sourcecode.swift; path = "NSObject+MotionAnimation.swift"; sourceTree = "<group>"; };
		A34917391C4CC5D1008701E2 /* CGPoint+Util.swift */ = {isa = PBXFileReference; fileEncoding = 4; lastKnownFileType = sourcecode.swift; path = "CGPoint+Util.swift"; sourceTree = "<group>"; };
		A349173E1C4DA835008701E2 /* ValueAnimation.swift */ = {isa = PBXFileReference; fileEncoding = 4; lastKnownFileType = sourcecode.swift; path = ValueAnimation.swift; sourceTree = "<group>"; };
		A34917421C53470F008701E2 /* MotionAnimationPropertyState.swift */ = {isa = PBXFileReference; fileEncoding = 4; lastKnownFileType = sourcecode.swift; path = MotionAnimationPropertyState.swift; sourceTree = "<group>"; };
		A34917441C5347B7008701E2 /* Types.swift */ = {isa = PBXFileReference; fileEncoding = 4; lastKnownFileType = sourcecode.swift; path = Types.swift; sourceTree = "<group>"; };
		A3D92B111C573A5500C34FBD /* LZPanGestureRecognizer.swift */ = {isa = PBXFileReference; fileEncoding = 4; lastKnownFileType = sourcecode.swift; path = LZPanGestureRecognizer.swift; sourceTree = "<group>"; };
		F18D9428EA90888FB6C25A21 /* Pods.debug.xcconfig */ = {isa = PBXFileReference; includeInIndex = 1; lastKnownFileType = text.xcconfig; name = Pods.debug.xcconfig; path = "Pods/Target Support Files/Pods/Pods.debug.xcconfig"; sourceTree = "<group>"; };
/* End PBXFileReference section */

/* Begin PBXFrameworksBuildPhase section */
		A349170F1C4AC8E0008701E2 /* Frameworks */ = {
			isa = PBXFrameworksBuildPhase;
			buildActionMask = 2147483647;
			files = (
				9F5D0BC839980536949811FF /* libPods.a in Frameworks */,
			);
			runOnlyForDeploymentPostprocessing = 0;
		};
/* End PBXFrameworksBuildPhase section */

/* Begin PBXGroup section */
		09ACA85C5E0212843C1A878E /* Frameworks */ = {
			isa = PBXGroup;
			children = (
				3D6BAC75291D93DBC450FB9F /* libPods.a */,
			);
			name = Frameworks;
			sourceTree = "<group>";
		};
		A34917091C4AC8E0008701E2 = {
			isa = PBXGroup;
			children = (
				A34917141C4AC8E0008701E2 /* DynamicView */,
				A34917131C4AC8E0008701E2 /* Products */,
				A787263453F9D12D488E3A80 /* Pods */,
				09ACA85C5E0212843C1A878E /* Frameworks */,
			);
			sourceTree = "<group>";
		};
		A34917131C4AC8E0008701E2 /* Products */ = {
			isa = PBXGroup;
			children = (
				A34917121C4AC8E0008701E2 /* DynamicView.app */,
			);
			name = Products;
			sourceTree = "<group>";
		};
		A34917141C4AC8E0008701E2 /* DynamicView */ = {
			isa = PBXGroup;
			children = (
				A349173B1C4CC965008701E2 /* MotionAnimation */,
				A34917151C4AC8E0008701E2 /* AppDelegate.swift */,
				A34917171C4AC8E0008701E2 /* ViewController.swift */,
				A349172B1C4C4C20008701E2 /* MotionAnimatorTestViewController.swift */,
				A32FEDE31C51C8CA004F642A /* ListExampleViewController.swift */,
				A34917191C4AC8E0008701E2 /* Main.storyboard */,
				A349171C1C4AC8E0008701E2 /* Assets.xcassets */,
				A349171E1C4AC8E0008701E2 /* LaunchScreen.storyboard */,
				A34917211C4AC8E0008701E2 /* Info.plist */,
				A349172D1C4C5B89008701E2 /* DynamicView-Bridging-Header.h */,
			);
			path = DynamicView;
			sourceTree = "<group>";
		};
		A349173B1C4CC965008701E2 /* MotionAnimation */ = {
			isa = PBXGroup;
			children = (
				A32FEDE71C51CA7B004F642A /* NSTimer.swift */,
				A32FEDE91C51CA84004F642A /* time.swift */,
				A34917291C4C3EA7008701E2 /* MotionAnimator.swift */,
				A34917311C4C8EEA008701E2 /* MotionAnimation.swift */,
				A349173E1C4DA835008701E2 /* ValueAnimation.swift */,
				A34917391C4CC5D1008701E2 /* CGPoint+Util.swift */,
				A34917331C4C8F05008701E2 /* SpringValueAnimation.swift */,
				A34917371C4CA832008701E2 /* NSObject+MotionAnimation.swift */,
				A34917441C5347B7008701E2 /* Types.swift */,
				A34917421C53470F008701E2 /* MotionAnimationPropertyState.swift */,
				A3D92B111C573A5500C34FBD /* LZPanGestureRecognizer.swift */,
			);
			name = MotionAnimation;
			sourceTree = "<group>";
		};
		A787263453F9D12D488E3A80 /* Pods */ = {
			isa = PBXGroup;
			children = (
				F18D9428EA90888FB6C25A21 /* Pods.debug.xcconfig */,
				7BF7D7F9D0B84205946C6B77 /* Pods.release.xcconfig */,
			);
			name = Pods;
			sourceTree = "<group>";
		};
/* End PBXGroup section */

/* Begin PBXNativeTarget section */
		A34917111C4AC8E0008701E2 /* DynamicView */ = {
			isa = PBXNativeTarget;
			buildConfigurationList = A34917241C4AC8E0008701E2 /* Build configuration list for PBXNativeTarget "DynamicView" */;
			buildPhases = (
				FA6939D8F0080996D5458999 /* Check Pods Manifest.lock */,
				A349170E1C4AC8E0008701E2 /* Sources */,
				A349170F1C4AC8E0008701E2 /* Frameworks */,
				A34917101C4AC8E0008701E2 /* Resources */,
				5388ABC5545B4091A7358CA6 /* Embed Pods Frameworks */,
				66450F1927BDC797254BDD4C /* Copy Pods Resources */,
			);
			buildRules = (
			);
			dependencies = (
			);
			name = DynamicView;
			productName = DynamicView;
			productReference = A34917121C4AC8E0008701E2 /* DynamicView.app */;
			productType = "com.apple.product-type.application";
		};
/* End PBXNativeTarget section */

/* Begin PBXProject section */
		A349170A1C4AC8E0008701E2 /* Project object */ = {
			isa = PBXProject;
			attributes = {
				LastSwiftUpdateCheck = 0720;
				LastUpgradeCheck = 0720;
				ORGANIZATIONNAME = lkzhao;
				TargetAttributes = {
					A34917111C4AC8E0008701E2 = {
						CreatedOnToolsVersion = 7.2;
						DevelopmentTeam = 4VSEW78TKT;
					};
				};
			};
			buildConfigurationList = A349170D1C4AC8E0008701E2 /* Build configuration list for PBXProject "DynamicView" */;
			compatibilityVersion = "Xcode 3.2";
			developmentRegion = English;
			hasScannedForEncodings = 0;
			knownRegions = (
				en,
				Base,
			);
			mainGroup = A34917091C4AC8E0008701E2;
			productRefGroup = A34917131C4AC8E0008701E2 /* Products */;
			projectDirPath = "";
			projectRoot = "";
			targets = (
				A34917111C4AC8E0008701E2 /* DynamicView */,
			);
		};
/* End PBXProject section */

/* Begin PBXResourcesBuildPhase section */
		A34917101C4AC8E0008701E2 /* Resources */ = {
			isa = PBXResourcesBuildPhase;
			buildActionMask = 2147483647;
			files = (
				A34917201C4AC8E0008701E2 /* LaunchScreen.storyboard in Resources */,
				A349171D1C4AC8E0008701E2 /* Assets.xcassets in Resources */,
				A349171B1C4AC8E0008701E2 /* Main.storyboard in Resources */,
			);
			runOnlyForDeploymentPostprocessing = 0;
		};
/* End PBXResourcesBuildPhase section */

/* Begin PBXShellScriptBuildPhase section */
		5388ABC5545B4091A7358CA6 /* Embed Pods Frameworks */ = {
			isa = PBXShellScriptBuildPhase;
			buildActionMask = 2147483647;
			files = (
			);
			inputPaths = (
			);
			name = "Embed Pods Frameworks";
			outputPaths = (
			);
			runOnlyForDeploymentPostprocessing = 0;
			shellPath = /bin/sh;
			shellScript = "\"${SRCROOT}/Pods/Target Support Files/Pods/Pods-frameworks.sh\"\n";
			showEnvVarsInLog = 0;
		};
		66450F1927BDC797254BDD4C /* Copy Pods Resources */ = {
			isa = PBXShellScriptBuildPhase;
			buildActionMask = 2147483647;
			files = (
			);
			inputPaths = (
			);
			name = "Copy Pods Resources";
			outputPaths = (
			);
			runOnlyForDeploymentPostprocessing = 0;
			shellPath = /bin/sh;
			shellScript = "\"${SRCROOT}/Pods/Target Support Files/Pods/Pods-resources.sh\"\n";
			showEnvVarsInLog = 0;
		};
		FA6939D8F0080996D5458999 /* Check Pods Manifest.lock */ = {
			isa = PBXShellScriptBuildPhase;
			buildActionMask = 2147483647;
			files = (
			);
			inputPaths = (
			);
			name = "Check Pods Manifest.lock";
			outputPaths = (
			);
			runOnlyForDeploymentPostprocessing = 0;
			shellPath = /bin/sh;
			shellScript = "diff \"${PODS_ROOT}/../Podfile.lock\" \"${PODS_ROOT}/Manifest.lock\" > /dev/null\nif [[ $? != 0 ]] ; then\n    cat << EOM\nerror: The sandbox is not in sync with the Podfile.lock. Run 'pod install' or update your CocoaPods installation.\nEOM\n    exit 1\nfi\n";
			showEnvVarsInLog = 0;
		};
/* End PBXShellScriptBuildPhase section */

/* Begin PBXSourcesBuildPhase section */
		A349170E1C4AC8E0008701E2 /* Sources */ = {
			isa = PBXSourcesBuildPhase;
			buildActionMask = 2147483647;
			files = (
				A34917321C4C8EEA008701E2 /* MotionAnimation.swift in Sources */,
				A349173A1C4CC5D1008701E2 /* CGPoint+Util.swift in Sources */,
				A34917341C4C8F05008701E2 /* SpringValueAnimation.swift in Sources */,
				A34917451C5347B7008701E2 /* Types.swift in Sources */,
				A349172A1C4C3EA7008701E2 /* MotionAnimator.swift in Sources */,
				A34917381C4CA832008701E2 /* NSObject+MotionAnimation.swift in Sources */,
				A34917181C4AC8E0008701E2 /* ViewController.swift in Sources */,
				A34917431C53470F008701E2 /* MotionAnimationPropertyState.swift in Sources */,
				A349172C1C4C4C20008701E2 /* MotionAnimatorTestViewController.swift in Sources */,
				A3D92B121C573A5500C34FBD /* LZPanGestureRecognizer.swift in Sources */,
				A32FEDE41C51C8CA004F642A /* ListExampleViewController.swift in Sources */,
				A32FEDEA1C51CA84004F642A /* time.swift in Sources */,
				A349173F1C4DA835008701E2 /* ValueAnimation.swift in Sources */,
				A32FEDE81C51CA7B004F642A /* NSTimer.swift in Sources */,
				A34917161C4AC8E0008701E2 /* AppDelegate.swift in Sources */,
			);
			runOnlyForDeploymentPostprocessing = 0;
		};
/* End PBXSourcesBuildPhase section */

/* Begin PBXVariantGroup section */
		A34917191C4AC8E0008701E2 /* Main.storyboard */ = {
			isa = PBXVariantGroup;
			children = (
				A349171A1C4AC8E0008701E2 /* Base */,
			);
			name = Main.storyboard;
			sourceTree = "<group>";
		};
		A349171E1C4AC8E0008701E2 /* LaunchScreen.storyboard */ = {
			isa = PBXVariantGroup;
			children = (
				A349171F1C4AC8E0008701E2 /* Base */,
			);
			name = LaunchScreen.storyboard;
			sourceTree = "<group>";
		};
/* End PBXVariantGroup section */

/* Begin XCBuildConfiguration section */
		A34917221C4AC8E0008701E2 /* Debug */ = {
			isa = XCBuildConfiguration;
			buildSettings = {
				ALWAYS_SEARCH_USER_PATHS = NO;
				CLANG_CXX_LANGUAGE_STANDARD = "gnu++0x";
				CLANG_CXX_LIBRARY = "libc++";
				CLANG_ENABLE_MODULES = YES;
				CLANG_ENABLE_OBJC_ARC = YES;
				CLANG_WARN_BOOL_CONVERSION = YES;
				CLANG_WARN_CONSTANT_CONVERSION = YES;
				CLANG_WARN_DIRECT_OBJC_ISA_USAGE = YES_ERROR;
				CLANG_WARN_EMPTY_BODY = YES;
				CLANG_WARN_ENUM_CONVERSION = YES;
				CLANG_WARN_INT_CONVERSION = YES;
				CLANG_WARN_OBJC_ROOT_CLASS = YES_ERROR;
				CLANG_WARN_UNREACHABLE_CODE = YES;
				CLANG_WARN__DUPLICATE_METHOD_MATCH = YES;
				"CODE_SIGN_IDENTITY[sdk=iphoneos*]" = "iPhone Developer";
				COPY_PHASE_STRIP = NO;
				DEBUG_INFORMATION_FORMAT = dwarf;
				ENABLE_STRICT_OBJC_MSGSEND = YES;
				ENABLE_TESTABILITY = YES;
				GCC_C_LANGUAGE_STANDARD = gnu99;
				GCC_DYNAMIC_NO_PIC = NO;
				GCC_NO_COMMON_BLOCKS = YES;
				GCC_OPTIMIZATION_LEVEL = 0;
				GCC_PREPROCESSOR_DEFINITIONS = (
					"DEBUG=1",
					"$(inherited)",
				);
				GCC_WARN_64_TO_32_BIT_CONVERSION = YES;
				GCC_WARN_ABOUT_RETURN_TYPE = YES_ERROR;
				GCC_WARN_UNDECLARED_SELECTOR = YES;
				GCC_WARN_UNINITIALIZED_AUTOS = YES_AGGRESSIVE;
				GCC_WARN_UNUSED_FUNCTION = YES;
				GCC_WARN_UNUSED_VARIABLE = YES;
				IPHONEOS_DEPLOYMENT_TARGET = 9.2;
				MTL_ENABLE_DEBUG_INFO = YES;
				ONLY_ACTIVE_ARCH = YES;
				SDKROOT = iphoneos;
				SWIFT_OPTIMIZATION_LEVEL = "-Onone";
				TARGETED_DEVICE_FAMILY = "1,2";
			};
			name = Debug;
		};
		A34917231C4AC8E0008701E2 /* Release */ = {
			isa = XCBuildConfiguration;
			buildSettings = {
				ALWAYS_SEARCH_USER_PATHS = NO;
				CLANG_CXX_LANGUAGE_STANDARD = "gnu++0x";
				CLANG_CXX_LIBRARY = "libc++";
				CLANG_ENABLE_MODULES = YES;
				CLANG_ENABLE_OBJC_ARC = YES;
				CLANG_WARN_BOOL_CONVERSION = YES;
				CLANG_WARN_CONSTANT_CONVERSION = YES;
				CLANG_WARN_DIRECT_OBJC_ISA_USAGE = YES_ERROR;
				CLANG_WARN_EMPTY_BODY = YES;
				CLANG_WARN_ENUM_CONVERSION = YES;
				CLANG_WARN_INT_CONVERSION = YES;
				CLANG_WARN_OBJC_ROOT_CLASS = YES_ERROR;
				CLANG_WARN_UNREACHABLE_CODE = YES;
				CLANG_WARN__DUPLICATE_METHOD_MATCH = YES;
				"CODE_SIGN_IDENTITY[sdk=iphoneos*]" = "iPhone Developer";
				COPY_PHASE_STRIP = NO;
				DEBUG_INFORMATION_FORMAT = "dwarf-with-dsym";
				ENABLE_NS_ASSERTIONS = NO;
				ENABLE_STRICT_OBJC_MSGSEND = YES;
				GCC_C_LANGUAGE_STANDARD = gnu99;
				GCC_NO_COMMON_BLOCKS = YES;
				GCC_WARN_64_TO_32_BIT_CONVERSION = YES;
				GCC_WARN_ABOUT_RETURN_TYPE = YES_ERROR;
				GCC_WARN_UNDECLARED_SELECTOR = YES;
				GCC_WARN_UNINITIALIZED_AUTOS = YES_AGGRESSIVE;
				GCC_WARN_UNUSED_FUNCTION = YES;
				GCC_WARN_UNUSED_VARIABLE = YES;
				IPHONEOS_DEPLOYMENT_TARGET = 9.2;
				MTL_ENABLE_DEBUG_INFO = NO;
				SDKROOT = iphoneos;
				TARGETED_DEVICE_FAMILY = "1,2";
				VALIDATE_PRODUCT = YES;
			};
			name = Release;
		};
		A34917251C4AC8E0008701E2 /* Debug */ = {
			isa = XCBuildConfiguration;
			baseConfigurationReference = F18D9428EA90888FB6C25A21 /* Pods.debug.xcconfig */;
			buildSettings = {
				ASSETCATALOG_COMPILER_APPICON_NAME = AppIcon;
				CLANG_ENABLE_MODULES = YES;
				CODE_SIGN_IDENTITY = "iPhone Developer";
				INFOPLIST_FILE = DynamicView/Info.plist;
				IPHONEOS_DEPLOYMENT_TARGET = 9.0;
				LD_RUNPATH_SEARCH_PATHS = "$(inherited) @executable_path/Frameworks";
				PRODUCT_BUNDLE_IDENTIFIER = com.lkzhao.DynamicView;
				PRODUCT_NAME = "$(TARGET_NAME)";
				SWIFT_OBJC_BRIDGING_HEADER = "DynamicView/DynamicView-Bridging-Header.h";
				SWIFT_OPTIMIZATION_LEVEL = "-Onone";
			};
			name = Debug;
		};
		A34917261C4AC8E0008701E2 /* Release */ = {
			isa = XCBuildConfiguration;
			baseConfigurationReference = 7BF7D7F9D0B84205946C6B77 /* Pods.release.xcconfig */;
			buildSettings = {
				ASSETCATALOG_COMPILER_APPICON_NAME = AppIcon;
				CLANG_ENABLE_MODULES = YES;
				CODE_SIGN_IDENTITY = "iPhone Developer";
				INFOPLIST_FILE = DynamicView/Info.plist;
				IPHONEOS_DEPLOYMENT_TARGET = 9.0;
				LD_RUNPATH_SEARCH_PATHS = "$(inherited) @executable_path/Frameworks";
				PRODUCT_BUNDLE_IDENTIFIER = com.lkzhao.DynamicView;
				PRODUCT_NAME = "$(TARGET_NAME)";
				SWIFT_OBJC_BRIDGING_HEADER = "DynamicView/DynamicView-Bridging-Header.h";
			};
			name = Release;
		};
/* End XCBuildConfiguration section */

/* Begin XCConfigurationList section */
		A349170D1C4AC8E0008701E2 /* Build configuration list for PBXProject "DynamicView" */ = {
			isa = XCConfigurationList;
			buildConfigurations = (
				A34917221C4AC8E0008701E2 /* Debug */,
				A34917231C4AC8E0008701E2 /* Release */,
			);
			defaultConfigurationIsVisible = 0;
			defaultConfigurationName = Release;
		};
		A34917241C4AC8E0008701E2 /* Build configuration list for PBXNativeTarget "DynamicView" */ = {
			isa = XCConfigurationList;
			buildConfigurations = (
				A34917251C4AC8E0008701E2 /* Debug */,
				A34917261C4AC8E0008701E2 /* Release */,
			);
			defaultConfigurationIsVisible = 0;
			defaultConfigurationName = Release;
		};
/* End XCConfigurationList section */
	};
	rootObject = A349170A1C4AC8E0008701E2 /* Project object */;
}
